
Microsoft Visual Studio Solution File, Format Version 12.00
# Visual Studio Version 17
VisualStudioVersion = 17.14.36221.1 d17.14
MinimumVisualStudioVersion = 10.0.40219.1
Project("{FAE04EC0-301F-11D3-BF4B-00C04F79EFBC}") = "Domain", "src\Domain\Domain.csproj", "{AB886DC5-6FBF-4395-A7E6-B6522D3918D8}"
EndProject
Project("{FAE04EC0-301F-11D3-BF4B-00C04F79EFBC}") = "Application", "src\Application\Application.csproj", "{ED9DB88A-5CFF-42BD-8A52-47C8737D6ED1}"
EndProject
Project("{FAE04EC0-301F-11D3-BF4B-00C04F79EFBC}") = "Infrastructure", "src\Infrastructure\Infrastructure.csproj", "{7EAE688A-8F9A-4962-AA85-7518BD3532E2}"
EndProject
Project("{FAE04EC0-301F-11D3-BF4B-00C04F79EFBC}") = "Host", "src\Host\Host.csproj", "{6532CD1B-6204-4C6B-A59C-E74ADF5634B7}"
EndProject
Global
	GlobalSection(SolutionConfigurationPlatforms) = preSolution
		Debug|Any CPU = Debug|Any CPU
		Release|Any CPU = Release|Any CPU
	EndGlobalSection
	GlobalSection(ProjectConfigurationPlatforms) = postSolution
		{AB886DC5-6FBF-4395-A7E6-B6522D3918D8}.Debug|Any CPU.ActiveCfg = Debug|Any CPU
		{AB886DC5-6FBF-4395-A7E6-B6522D3918D8}.Debug|Any CPU.Build.0 = Debug|Any CPU
		{AB886DC5-6FBF-4395-A7E6-B6522D3918D8}.Release|Any CPU.ActiveCfg = Release|Any CPU
		{AB886DC5-6FBF-4395-A7E6-B6522D3918D8}.Release|Any CPU.Build.0 = Release|Any CPU
		{ED9DB88A-5CFF-42BD-8A52-47C8737D6ED1}.Debug|Any CPU.ActiveCfg = Debug|Any CPU
		{ED9DB88A-5CFF-42BD-8A52-47C8737D6ED1}.Debug|Any CPU.Build.0 = Debug|Any CPU
		{ED9DB88A-5CFF-42BD-8A52-47C8737D6ED1}.Release|Any CPU.ActiveCfg = Release|Any CPU
		{ED9DB88A-5CFF-42BD-8A52-47C8737D6ED1}.Release|Any CPU.Build.0 = Release|Any CPU
		{7EAE688A-8F9A-4962-AA85-7518BD3532E2}.Debug|Any CPU.ActiveCfg = Debug|Any CPU
		{7EAE688A-8F9A-4962-AA85-7518BD3532E2}.Debug|Any CPU.Build.0 = Debug|Any CPU
		{7EAE688A-8F9A-4962-AA85-7518BD3532E2}.Release|Any CPU.ActiveCfg = Release|Any CPU
		{7EAE688A-8F9A-4962-AA85-7518BD3532E2}.Release|Any CPU.Build.0 = Release|Any CPU
		{6532CD1B-6204-4C6B-A59C-E74ADF5634B7}.Debug|Any CPU.ActiveCfg = Debug|Any CPU
		{6532CD1B-6204-4C6B-A59C-E74ADF5634B7}.Debug|Any CPU.Build.0 = Debug|Any CPU
		{6532CD1B-6204-4C6B-A59C-E74ADF5634B7}.Release|Any CPU.ActiveCfg = Release|Any CPU
		{6532CD1B-6204-4C6B-A59C-E74ADF5634B7}.Release|Any CPU.Build.0 = Release|Any CPU
	EndGlobalSection
	GlobalSection(SolutionProperties) = preSolution
		HideSolutionNode = FALSE
	EndGlobalSection
	GlobalSection(ExtensibilityGlobals) = postSolution
		SolutionGuid = {36457620-2ED2-44D9-B20D-282AE9A50A30}
	EndGlobalSection
EndGlobal
